
Microsoft Visual Studio Solution File, Format Version 12.00
# Visual Studio Version 16
VisualStudioVersion = 16.0.30413.136
MinimumVisualStudioVersion = 10.0.40219.1
Project("{9A19103F-16F7-4668-BE54-9A1E7A4F7556}") = "VIC", "VIC\VIC.csproj", "{48363F01-B3AA-42E8-AE59-657FC49EA416}"
EndProject
Global
	GlobalSection(SolutionConfigurationPlatforms) = preSolution
		Debug|Any CPU = Debug|Any CPU
		Release|Any CPU = Release|Any CPU
	EndGlobalSection
	GlobalSection(ProjectConfigurationPlatforms) = postSolution
		{48363F01-B3AA-42E8-AE59-657FC49EA416}.Debug|Any CPU.ActiveCfg = Debug|Any CPU
		{48363F01-B3AA-42E8-AE59-657FC49EA416}.Debug|Any CPU.Build.0 = Debug|Any CPU
		{48363F01-B3AA-42E8-AE59-657FC49EA416}.Release|Any CPU.ActiveCfg = Release|Any CPU
		{48363F01-B3AA-42E8-AE59-657FC49EA416}.Release|Any CPU.Build.0 = Release|Any CPU
	EndGlobalSection
	GlobalSection(SolutionProperties) = preSolution
		HideSolutionNode = FALSE
	EndGlobalSection
	GlobalSection(ExtensibilityGlobals) = postSolution
		SolutionGuid = {0013EFA1-1AB6-4CF2-A1B4-2B9E37515B77}
	EndGlobalSection
EndGlobal
